// !$*UTF8*$!
{
	archiveVersion = 1;
	classes = {
	};
	objectVersion = 56;
	objects = {

/* Begin PBXBuildFile section */
		341A074F2A0539F50045A461 /* ButtonAction.swift in Sources */ = {isa = PBXBuildFile; fileRef = 341A074E2A0539F50045A461 /* ButtonAction.swift */; };
		341A07512A0547350045A461 /* NotificationCard.swift in Sources */ = {isa = PBXBuildFile; fileRef = 341A07502A0547350045A461 /* NotificationCard.swift */; };
		341B44942A1592A300F5E934 /* Redirect.swift in Sources */ = {isa = PBXBuildFile; fileRef = 341B44932A1592A300F5E934 /* Redirect.swift */; };
		3427B3B52A06F6C200E29BBE /* View.swift in Sources */ = {isa = PBXBuildFile; fileRef = 3427B3B42A06F6C200E29BBE /* View.swift */; };
		3427B3B72A06FAFE00E29BBE /* PetProfile.swift in Sources */ = {isa = PBXBuildFile; fileRef = 3427B3B62A06FAFE00E29BBE /* PetProfile.swift */; };
		34398E542A0B047100E963CB /* AutoShipCard.swift in Sources */ = {isa = PBXBuildFile; fileRef = 34398E532A0B047100E963CB /* AutoShipCard.swift */; };
		34398E562A0B4AE800E963CB /* File.swift in Sources */ = {isa = PBXBuildFile; fileRef = 34398E552A0B4AE800E963CB /* File.swift */; };
		3459585D2A0926CE00995B1E /* PetModel.swift in Sources */ = {isa = PBXBuildFile; fileRef = 3459585C2A0926CE00995B1E /* PetModel.swift */; };
		3459585F2A0928B000995B1E /* PetViewModel.swift in Sources */ = {isa = PBXBuildFile; fileRef = 3459585E2A0928B000995B1E /* PetViewModel.swift */; };
		345958612A09301700995B1E /* CardInProfile.swift in Sources */ = {isa = PBXBuildFile; fileRef = 345958602A09301700995B1E /* CardInProfile.swift */; };
		345958652A095F9D00995B1E /* SmallCard.swift in Sources */ = {isa = PBXBuildFile; fileRef = 345958642A095F9D00995B1E /* SmallCard.swift */; };
		345958672A09660F00995B1E /* EditSection.swift in Sources */ = {isa = PBXBuildFile; fileRef = 345958662A09660F00995B1E /* EditSection.swift */; };
		34BCDA312A04582F0078D75D /* vetsourceAppApp.swift in Sources */ = {isa = PBXBuildFile; fileRef = 34BCDA302A04582F0078D75D /* vetsourceAppApp.swift */; };
		34BCDA332A04582F0078D75D /* ContentView.swift in Sources */ = {isa = PBXBuildFile; fileRef = 34BCDA322A04582F0078D75D /* ContentView.swift */; };
		34BCDA352A0458300078D75D /* Assets.xcassets in Resources */ = {isa = PBXBuildFile; fileRef = 34BCDA342A0458300078D75D /* Assets.xcassets */; };
		34BCDA382A0458300078D75D /* Preview Assets.xcassets in Resources */ = {isa = PBXBuildFile; fileRef = 34BCDA372A0458300078D75D /* Preview Assets.xcassets */; };
		34BCDA422A0459A10078D75D /* Home.swift in Sources */ = {isa = PBXBuildFile; fileRef = 34BCDA412A0459A10078D75D /* Home.swift */; };
		34BCDA462A045E9B0078D75D /* ButtomTab.swift in Sources */ = {isa = PBXBuildFile; fileRef = 34BCDA452A045E9B0078D75D /* ButtomTab.swift */; };
		34BCDA492A0464430078D75D /* Navigation.swift in Sources */ = {isa = PBXBuildFile; fileRef = 34BCDA482A0464430078D75D /* Navigation.swift */; };
		34BCDA4C2A0469480078D75D /* CornerRadius.swift in Sources */ = {isa = PBXBuildFile; fileRef = 34BCDA4B2A0469480078D75D /* CornerRadius.swift */; };
		34BCDA4E2A04781A0078D75D /* Notification.swift in Sources */ = {isa = PBXBuildFile; fileRef = 34BCDA4D2A04781A0078D75D /* Notification.swift */; };
		34BCDA502A04783E0078D75D /* AutoShip.swift in Sources */ = {isa = PBXBuildFile; fileRef = 34BCDA4F2A04783E0078D75D /* AutoShip.swift */; };
		34BCDA522A0478B20078D75D /* Find.swift in Sources */ = {isa = PBXBuildFile; fileRef = 34BCDA512A0478B20078D75D /* Find.swift */; };
		34BCDA542A0479200078D75D /* NavigationViewModel.swift in Sources */ = {isa = PBXBuildFile; fileRef = 34BCDA532A0479200078D75D /* NavigationViewModel.swift */; };
		34BCDA562A04899F0078D75D /* PetCardItem.swift in Sources */ = {isa = PBXBuildFile; fileRef = 34BCDA552A04899F0078D75D /* PetCardItem.swift */; };
		34BCDA582A0493950078D75D /* Color.swift in Sources */ = {isa = PBXBuildFile; fileRef = 34BCDA572A0493950078D75D /* Color.swift */; };
		34BCDA5B2A04942D0078D75D /* Colors.swift in Sources */ = {isa = PBXBuildFile; fileRef = 34BCDA5A2A04942D0078D75D /* Colors.swift */; };
		34BF2E262A12B52D00912EB9 /* NotifcationModel.swift in Sources */ = {isa = PBXBuildFile; fileRef = 34BF2E252A12B52D00912EB9 /* NotifcationModel.swift */; };
		34DDCA572A0D79B000C34016 /* UpdateDose.swift in Sources */ = {isa = PBXBuildFile; fileRef = 34DDCA562A0D79B000C34016 /* UpdateDose.swift */; };
		34DDCA592A0D9D5D00C34016 /* Product.swift in Sources */ = {isa = PBXBuildFile; fileRef = 34DDCA582A0D9D5D00C34016 /* Product.swift */; };
		34EA79222A0AB2EB0015BE9A /* PickerPets.swift in Sources */ = {isa = PBXBuildFile; fileRef = 34EA79212A0AB2EB0015BE9A /* PickerPets.swift */; };
		34EA79242A0ABBBD0015BE9A /* Border.swift in Sources */ = {isa = PBXBuildFile; fileRef = 34EA79232A0ABBBD0015BE9A /* Border.swift */; };
		34FCE8DE2A13BEEE000E992D /* CardInfoProfile.swift in Sources */ = {isa = PBXBuildFile; fileRef = 34FCE8DD2A13BEEE000E992D /* CardInfoProfile.swift */; };
		34FCE8E02A13F15A000E992D /* InfoCardModel.swift in Sources */ = {isa = PBXBuildFile; fileRef = 34FCE8DF2A13F15A000E992D /* InfoCardModel.swift */; };
		34FCE8E22A144ACF000E992D /* Notify.swift in Sources */ = {isa = PBXBuildFile; fileRef = 34FCE8E12A144ACF000E992D /* Notify.swift */; };
		34FE7BC82A0E73B900E4DC72 /* ProductStatus.swift in Sources */ = {isa = PBXBuildFile; fileRef = 34FE7BC72A0E73B900E4DC72 /* ProductStatus.swift */; };
		34FE7BCB2A0ECC7E00E4DC72 /* AlertToast in Frameworks */ = {isa = PBXBuildFile; productRef = 34FE7BCA2A0ECC7E00E4DC72 /* AlertToast */; };
		34FE7BCF2A0ECE7300E4DC72 /* CustomAlert.swift in Sources */ = {isa = PBXBuildFile; fileRef = 34FE7BCE2A0ECE7300E4DC72 /* CustomAlert.swift */; };
/* End PBXBuildFile section */

/* Begin PBXFileReference section */
		341A074E2A0539F50045A461 /* ButtonAction.swift */ = {isa = PBXFileReference; lastKnownFileType = sourcecode.swift; path = ButtonAction.swift; sourceTree = "<group>"; };
		341A07502A0547350045A461 /* NotificationCard.swift */ = {isa = PBXFileReference; lastKnownFileType = sourcecode.swift; path = NotificationCard.swift; sourceTree = "<group>"; };
		341B44932A1592A300F5E934 /* Redirect.swift */ = {isa = PBXFileReference; lastKnownFileType = sourcecode.swift; path = Redirect.swift; sourceTree = "<group>"; };
		3427B3B42A06F6C200E29BBE /* View.swift */ = {isa = PBXFileReference; lastKnownFileType = sourcecode.swift; path = View.swift; sourceTree = "<group>"; };
		3427B3B62A06FAFE00E29BBE /* PetProfile.swift */ = {isa = PBXFileReference; lastKnownFileType = sourcecode.swift; path = PetProfile.swift; sourceTree = "<group>"; };
		34398E532A0B047100E963CB /* AutoShipCard.swift */ = {isa = PBXFileReference; lastKnownFileType = sourcecode.swift; path = AutoShipCard.swift; sourceTree = "<group>"; };
		34398E552A0B4AE800E963CB /* File.swift */ = {isa = PBXFileReference; lastKnownFileType = sourcecode.swift; path = File.swift; sourceTree = "<group>"; };
		3459585C2A0926CE00995B1E /* PetModel.swift */ = {isa = PBXFileReference; lastKnownFileType = sourcecode.swift; path = PetModel.swift; sourceTree = "<group>"; };
		3459585E2A0928B000995B1E /* PetViewModel.swift */ = {isa = PBXFileReference; lastKnownFileType = sourcecode.swift; path = PetViewModel.swift; sourceTree = "<group>"; };
		345958602A09301700995B1E /* CardInProfile.swift */ = {isa = PBXFileReference; lastKnownFileType = sourcecode.swift; path = CardInProfile.swift; sourceTree = "<group>"; };
		345958642A095F9D00995B1E /* SmallCard.swift */ = {isa = PBXFileReference; lastKnownFileType = sourcecode.swift; path = SmallCard.swift; sourceTree = "<group>"; };
		345958662A09660F00995B1E /* EditSection.swift */ = {isa = PBXFileReference; lastKnownFileType = sourcecode.swift; path = EditSection.swift; sourceTree = "<group>"; };
		34BCDA2D2A04582F0078D75D /* vetsourceApp.app */ = {isa = PBXFileReference; explicitFileType = wrapper.application; includeInIndex = 0; path = vetsourceApp.app; sourceTree = BUILT_PRODUCTS_DIR; };
		34BCDA302A04582F0078D75D /* vetsourceAppApp.swift */ = {isa = PBXFileReference; lastKnownFileType = sourcecode.swift; path = vetsourceAppApp.swift; sourceTree = "<group>"; };
		34BCDA322A04582F0078D75D /* ContentView.swift */ = {isa = PBXFileReference; lastKnownFileType = sourcecode.swift; path = ContentView.swift; sourceTree = "<group>"; };
		34BCDA342A0458300078D75D /* Assets.xcassets */ = {isa = PBXFileReference; lastKnownFileType = folder.assetcatalog; path = Assets.xcassets; sourceTree = "<group>"; };
		34BCDA372A0458300078D75D /* Preview Assets.xcassets */ = {isa = PBXFileReference; lastKnownFileType = folder.assetcatalog; path = "Preview Assets.xcassets"; sourceTree = "<group>"; };
		34BCDA412A0459A10078D75D /* Home.swift */ = {isa = PBXFileReference; lastKnownFileType = sourcecode.swift; path = Home.swift; sourceTree = "<group>"; };
		34BCDA452A045E9B0078D75D /* ButtomTab.swift */ = {isa = PBXFileReference; lastKnownFileType = sourcecode.swift; path = ButtomTab.swift; sourceTree = "<group>"; };
		34BCDA482A0464430078D75D /* Navigation.swift */ = {isa = PBXFileReference; lastKnownFileType = sourcecode.swift; path = Navigation.swift; sourceTree = "<group>"; };
		34BCDA4B2A0469480078D75D /* CornerRadius.swift */ = {isa = PBXFileReference; lastKnownFileType = sourcecode.swift; path = CornerRadius.swift; sourceTree = "<group>"; };
		34BCDA4D2A04781A0078D75D /* Notification.swift */ = {isa = PBXFileReference; lastKnownFileType = sourcecode.swift; path = Notification.swift; sourceTree = "<group>"; };
		34BCDA4F2A04783E0078D75D /* AutoShip.swift */ = {isa = PBXFileReference; lastKnownFileType = sourcecode.swift; path = AutoShip.swift; sourceTree = "<group>"; };
		34BCDA512A0478B20078D75D /* Find.swift */ = {isa = PBXFileReference; lastKnownFileType = sourcecode.swift; path = Find.swift; sourceTree = "<group>"; };
		34BCDA532A0479200078D75D /* NavigationViewModel.swift */ = {isa = PBXFileReference; lastKnownFileType = sourcecode.swift; path = NavigationViewModel.swift; sourceTree = "<group>"; };
		34BCDA552A04899F0078D75D /* PetCardItem.swift */ = {isa = PBXFileReference; lastKnownFileType = sourcecode.swift; path = PetCardItem.swift; sourceTree = "<group>"; };
		34BCDA572A0493950078D75D /* Color.swift */ = {isa = PBXFileReference; lastKnownFileType = sourcecode.swift; path = Color.swift; sourceTree = "<group>"; };
		34BCDA5A2A04942D0078D75D /* Colors.swift */ = {isa = PBXFileReference; lastKnownFileType = sourcecode.swift; path = Colors.swift; sourceTree = "<group>"; };
		34BF2E252A12B52D00912EB9 /* NotifcationModel.swift */ = {isa = PBXFileReference; lastKnownFileType = sourcecode.swift; path = NotifcationModel.swift; sourceTree = "<group>"; };
		34DDCA562A0D79B000C34016 /* UpdateDose.swift */ = {isa = PBXFileReference; lastKnownFileType = sourcecode.swift; path = UpdateDose.swift; sourceTree = "<group>"; };
		34DDCA582A0D9D5D00C34016 /* Product.swift */ = {isa = PBXFileReference; lastKnownFileType = sourcecode.swift; path = Product.swift; sourceTree = "<group>"; };
		34EA79212A0AB2EB0015BE9A /* PickerPets.swift */ = {isa = PBXFileReference; lastKnownFileType = sourcecode.swift; path = PickerPets.swift; sourceTree = "<group>"; };
		34EA79232A0ABBBD0015BE9A /* Border.swift */ = {isa = PBXFileReference; lastKnownFileType = sourcecode.swift; path = Border.swift; sourceTree = "<group>"; };
		34FCE8DD2A13BEEE000E992D /* CardInfoProfile.swift */ = {isa = PBXFileReference; lastKnownFileType = sourcecode.swift; path = CardInfoProfile.swift; sourceTree = "<group>"; };
		34FCE8DF2A13F15A000E992D /* InfoCardModel.swift */ = {isa = PBXFileReference; lastKnownFileType = sourcecode.swift; path = InfoCardModel.swift; sourceTree = "<group>"; };
		34FCE8E12A144ACF000E992D /* Notify.swift */ = {isa = PBXFileReference; lastKnownFileType = sourcecode.swift; path = Notify.swift; sourceTree = "<group>"; };
		34FE7BC72A0E73B900E4DC72 /* ProductStatus.swift */ = {isa = PBXFileReference; lastKnownFileType = sourcecode.swift; path = ProductStatus.swift; sourceTree = "<group>"; };
		34FE7BCE2A0ECE7300E4DC72 /* CustomAlert.swift */ = {isa = PBXFileReference; lastKnownFileType = sourcecode.swift; path = CustomAlert.swift; sourceTree = "<group>"; };
/* End PBXFileReference section */

/* Begin PBXFrameworksBuildPhase section */
		34BCDA2A2A04582F0078D75D /* Frameworks */ = {
			isa = PBXFrameworksBuildPhase;
			buildActionMask = 2147483647;
			files = (
				34FE7BCB2A0ECC7E00E4DC72 /* AlertToast in Frameworks */,
			);
			runOnlyForDeploymentPostprocessing = 0;
		};
/* End PBXFrameworksBuildPhase section */

/* Begin PBXGroup section */
		34BCDA242A04582F0078D75D = {
			isa = PBXGroup;
			children = (
				34BCDA2F2A04582F0078D75D /* vetsourceApp */,
				34BCDA2E2A04582F0078D75D /* Products */,
			);
			sourceTree = "<group>";
		};
		34BCDA2E2A04582F0078D75D /* Products */ = {
			isa = PBXGroup;
			children = (
				34BCDA2D2A04582F0078D75D /* vetsourceApp.app */,
			);
			name = Products;
			sourceTree = "<group>";
		};
		34BCDA2F2A04582F0078D75D /* vetsourceApp */ = {
			isa = PBXGroup;
			children = (
				34BCDA592A04941C0078D75D /* Utils */,
				34BCDA4A2A0469350078D75D /* Extensions */,
				34BCDA442A045E7C0078D75D /* Components */,
				34BCDA402A0458AA0078D75D /* Models */,
				34BCDA3F2A0458A20078D75D /* ViewModel */,
				34BCDA3E2A04587F0078D75D /* Views */,
				34BCDA302A04582F0078D75D /* vetsourceAppApp.swift */,
				34BCDA322A04582F0078D75D /* ContentView.swift */,
				34BCDA342A0458300078D75D /* Assets.xcassets */,
				34BCDA362A0458300078D75D /* Preview Content */,
			);
			path = vetsourceApp;
			sourceTree = "<group>";
		};
		34BCDA362A0458300078D75D /* Preview Content */ = {
			isa = PBXGroup;
			children = (
				34BCDA372A0458300078D75D /* Preview Assets.xcassets */,
			);
			path = "Preview Content";
			sourceTree = "<group>";
		};
		34BCDA3E2A04587F0078D75D /* Views */ = {
			isa = PBXGroup;
			children = (
				34BCDA412A0459A10078D75D /* Home.swift */,
				34BCDA482A0464430078D75D /* Navigation.swift */,
				34BCDA4D2A04781A0078D75D /* Notification.swift */,
				34BCDA4F2A04783E0078D75D /* AutoShip.swift */,
				34BCDA512A0478B20078D75D /* Find.swift */,
				3427B3B62A06FAFE00E29BBE /* PetProfile.swift */,
				34DDCA562A0D79B000C34016 /* UpdateDose.swift */,
			);
			path = Views;
			sourceTree = "<group>";
		};
		34BCDA3F2A0458A20078D75D /* ViewModel */ = {
			isa = PBXGroup;
			children = (
				34BCDA532A0479200078D75D /* NavigationViewModel.swift */,
				3459585E2A0928B000995B1E /* PetViewModel.swift */,
				34BF2E252A12B52D00912EB9 /* NotifcationModel.swift */,
			);
			path = ViewModel;
			sourceTree = "<group>";
		};
		34BCDA402A0458AA0078D75D /* Models */ = {
			isa = PBXGroup;
			children = (
				3459585C2A0926CE00995B1E /* PetModel.swift */,
				34398E552A0B4AE800E963CB /* File.swift */,
				34DDCA582A0D9D5D00C34016 /* Product.swift */,
				34FE7BC72A0E73B900E4DC72 /* ProductStatus.swift */,
				34FCE8DF2A13F15A000E992D /* InfoCardModel.swift */,
				34FCE8E12A144ACF000E992D /* Notify.swift */,
				341B44932A1592A300F5E934 /* Redirect.swift */,
			);
			path = Models;
			sourceTree = "<group>";
		};
		34BCDA442A045E7C0078D75D /* Components */ = {
			isa = PBXGroup;
			children = (
				34BCDA552A04899F0078D75D /* PetCardItem.swift */,
				34BCDA452A045E9B0078D75D /* ButtomTab.swift */,
				341A074E2A0539F50045A461 /* ButtonAction.swift */,
				341A07502A0547350045A461 /* NotificationCard.swift */,
				345958602A09301700995B1E /* CardInProfile.swift */,
				345958642A095F9D00995B1E /* SmallCard.swift */,
				345958662A09660F00995B1E /* EditSection.swift */,
				34EA79212A0AB2EB0015BE9A /* PickerPets.swift */,
				34398E532A0B047100E963CB /* AutoShipCard.swift */,
				34FE7BCE2A0ECE7300E4DC72 /* CustomAlert.swift */,
				34FCE8DD2A13BEEE000E992D /* CardInfoProfile.swift */,
			);
			path = Components;
			sourceTree = "<group>";
		};
		34BCDA4A2A0469350078D75D /* Extensions */ = {
			isa = PBXGroup;
			children = (
				34BCDA4B2A0469480078D75D /* CornerRadius.swift */,
				34BCDA572A0493950078D75D /* Color.swift */,
				3427B3B42A06F6C200E29BBE /* View.swift */,
				34EA79232A0ABBBD0015BE9A /* Border.swift */,
			);
			path = Extensions;
			sourceTree = "<group>";
		};
		34BCDA592A04941C0078D75D /* Utils */ = {
			isa = PBXGroup;
			children = (
				34BCDA5A2A04942D0078D75D /* Colors.swift */,
			);
			path = Utils;
			sourceTree = "<group>";
		};
/* End PBXGroup section */

/* Begin PBXNativeTarget section */
		34BCDA2C2A04582F0078D75D /* vetsourceApp */ = {
			isa = PBXNativeTarget;
			buildConfigurationList = 34BCDA3B2A0458300078D75D /* Build configuration list for PBXNativeTarget "vetsourceApp" */;
			buildPhases = (
				34BCDA292A04582F0078D75D /* Sources */,
				34BCDA2A2A04582F0078D75D /* Frameworks */,
				34BCDA2B2A04582F0078D75D /* Resources */,
			);
			buildRules = (
			);
			dependencies = (
			);
			name = vetsourceApp;
			packageProductDependencies = (
				34FE7BCA2A0ECC7E00E4DC72 /* AlertToast */,
			);
			productName = vetsourceApp;
			productReference = 34BCDA2D2A04582F0078D75D /* vetsourceApp.app */;
			productType = "com.apple.product-type.application";
		};
/* End PBXNativeTarget section */

/* Begin PBXProject section */
		34BCDA252A04582F0078D75D /* Project object */ = {
			isa = PBXProject;
			attributes = {
				BuildIndependentTargetsInParallel = 1;
				LastSwiftUpdateCheck = 1420;
				LastUpgradeCheck = 1420;
				TargetAttributes = {
					34BCDA2C2A04582F0078D75D = {
						CreatedOnToolsVersion = 14.2;
					};
				};
			};
			buildConfigurationList = 34BCDA282A04582F0078D75D /* Build configuration list for PBXProject "vetsourceApp" */;
			compatibilityVersion = "Xcode 14.0";
			developmentRegion = en;
			hasScannedForEncodings = 0;
			knownRegions = (
				en,
				Base,
			);
			mainGroup = 34BCDA242A04582F0078D75D;
			packageReferences = (
				34FE7BC92A0ECC7E00E4DC72 /* XCRemoteSwiftPackageReference "AlertToast" */,
			);
			productRefGroup = 34BCDA2E2A04582F0078D75D /* Products */;
			projectDirPath = "";
			projectRoot = "";
			targets = (
				34BCDA2C2A04582F0078D75D /* vetsourceApp */,
			);
		};
/* End PBXProject section */

/* Begin PBXResourcesBuildPhase section */
		34BCDA2B2A04582F0078D75D /* Resources */ = {
			isa = PBXResourcesBuildPhase;
			buildActionMask = 2147483647;
			files = (
				34BCDA382A0458300078D75D /* Preview Assets.xcassets in Resources */,
				34BCDA352A0458300078D75D /* Assets.xcassets in Resources */,
			);
			runOnlyForDeploymentPostprocessing = 0;
		};
/* End PBXResourcesBuildPhase section */

/* Begin PBXSourcesBuildPhase section */
		34BCDA292A04582F0078D75D /* Sources */ = {
			isa = PBXSourcesBuildPhase;
			buildActionMask = 2147483647;
			files = (
				34BF2E262A12B52D00912EB9 /* NotifcationModel.swift in Sources */,
				3427B3B52A06F6C200E29BBE /* View.swift in Sources */,
				34BCDA562A04899F0078D75D /* PetCardItem.swift in Sources */,
				34BCDA462A045E9B0078D75D /* ButtomTab.swift in Sources */,
				34BCDA4C2A0469480078D75D /* CornerRadius.swift in Sources */,
				34BCDA332A04582F0078D75D /* ContentView.swift in Sources */,
				3459585F2A0928B000995B1E /* PetViewModel.swift in Sources */,
				3459585D2A0926CE00995B1E /* PetModel.swift in Sources */,
				345958652A095F9D00995B1E /* SmallCard.swift in Sources */,
				34FCE8E02A13F15A000E992D /* InfoCardModel.swift in Sources */,
				34BCDA4E2A04781A0078D75D /* Notification.swift in Sources */,
				34DDCA572A0D79B000C34016 /* UpdateDose.swift in Sources */,
				34FCE8DE2A13BEEE000E992D /* CardInfoProfile.swift in Sources */,
				345958612A09301700995B1E /* CardInProfile.swift in Sources */,
				34BCDA582A0493950078D75D /* Color.swift in Sources */,
				3427B3B72A06FAFE00E29BBE /* PetProfile.swift in Sources */,
				34BCDA422A0459A10078D75D /* Home.swift in Sources */,
				34DDCA592A0D9D5D00C34016 /* Product.swift in Sources */,
				341A07512A0547350045A461 /* NotificationCard.swift in Sources */,
				341A074F2A0539F50045A461 /* ButtonAction.swift in Sources */,
				34398E562A0B4AE800E963CB /* File.swift in Sources */,
				34EA79242A0ABBBD0015BE9A /* Border.swift in Sources */,
				34BCDA312A04582F0078D75D /* vetsourceAppApp.swift in Sources */,
				34BCDA5B2A04942D0078D75D /* Colors.swift in Sources */,
				345958672A09660F00995B1E /* EditSection.swift in Sources */,
				34398E542A0B047100E963CB /* AutoShipCard.swift in Sources */,
				34FE7BCF2A0ECE7300E4DC72 /* CustomAlert.swift in Sources */,
				34BCDA542A0479200078D75D /* NavigationViewModel.swift in Sources */,
				34FCE8E22A144ACF000E992D /* Notify.swift in Sources */,
				34BCDA502A04783E0078D75D /* AutoShip.swift in Sources */,
				34EA79222A0AB2EB0015BE9A /* PickerPets.swift in Sources */,
				34FE7BC82A0E73B900E4DC72 /* ProductStatus.swift in Sources */,
				34BCDA522A0478B20078D75D /* Find.swift in Sources */,
				34BCDA492A0464430078D75D /* Navigation.swift in Sources */,
				341B44942A1592A300F5E934 /* Redirect.swift in Sources */,
			);
			runOnlyForDeploymentPostprocessing = 0;
		};
/* End PBXSourcesBuildPhase section */

/* Begin XCBuildConfiguration section */
		34BCDA392A0458300078D75D /* Debug */ = {
			isa = XCBuildConfiguration;
			buildSettings = {
				ALWAYS_SEARCH_USER_PATHS = NO;
				CLANG_ANALYZER_NONNULL = YES;
				CLANG_ANALYZER_NUMBER_OBJECT_CONVERSION = YES_AGGRESSIVE;
				CLANG_CXX_LANGUAGE_STANDARD = "gnu++20";
				CLANG_ENABLE_MODULES = YES;
				CLANG_ENABLE_OBJC_ARC = YES;
				CLANG_ENABLE_OBJC_WEAK = YES;
				CLANG_WARN_BLOCK_CAPTURE_AUTORELEASING = YES;
				CLANG_WARN_BOOL_CONVERSION = YES;
				CLANG_WARN_COMMA = YES;
				CLANG_WARN_CONSTANT_CONVERSION = YES;
				CLANG_WARN_DEPRECATED_OBJC_IMPLEMENTATIONS = YES;
				CLANG_WARN_DIRECT_OBJC_ISA_USAGE = YES_ERROR;
				CLANG_WARN_DOCUMENTATION_COMMENTS = YES;
				CLANG_WARN_EMPTY_BODY = YES;
				CLANG_WARN_ENUM_CONVERSION = YES;
				CLANG_WARN_INFINITE_RECURSION = YES;
				CLANG_WARN_INT_CONVERSION = YES;
				CLANG_WARN_NON_LITERAL_NULL_CONVERSION = YES;
				CLANG_WARN_OBJC_IMPLICIT_RETAIN_SELF = YES;
				CLANG_WARN_OBJC_LITERAL_CONVERSION = YES;
				CLANG_WARN_OBJC_ROOT_CLASS = YES_ERROR;
				CLANG_WARN_QUOTED_INCLUDE_IN_FRAMEWORK_HEADER = YES;
				CLANG_WARN_RANGE_LOOP_ANALYSIS = YES;
				CLANG_WARN_STRICT_PROTOTYPES = YES;
				CLANG_WARN_SUSPICIOUS_MOVE = YES;
				CLANG_WARN_UNGUARDED_AVAILABILITY = YES_AGGRESSIVE;
				CLANG_WARN_UNREACHABLE_CODE = YES;
				CLANG_WARN__DUPLICATE_METHOD_MATCH = YES;
				COPY_PHASE_STRIP = NO;
				DEBUG_INFORMATION_FORMAT = dwarf;
				ENABLE_STRICT_OBJC_MSGSEND = YES;
				ENABLE_TESTABILITY = YES;
				GCC_C_LANGUAGE_STANDARD = gnu11;
				GCC_DYNAMIC_NO_PIC = NO;
				GCC_NO_COMMON_BLOCKS = YES;
				GCC_OPTIMIZATION_LEVEL = 0;
				GCC_PREPROCESSOR_DEFINITIONS = (
					"DEBUG=1",
					"$(inherited)",
				);
				GCC_WARN_64_TO_32_BIT_CONVERSION = YES;
				GCC_WARN_ABOUT_RETURN_TYPE = YES_ERROR;
				GCC_WARN_UNDECLARED_SELECTOR = YES;
				GCC_WARN_UNINITIALIZED_AUTOS = YES_AGGRESSIVE;
				GCC_WARN_UNUSED_FUNCTION = YES;
				GCC_WARN_UNUSED_VARIABLE = YES;
				IPHONEOS_DEPLOYMENT_TARGET = 16.2;
				MTL_ENABLE_DEBUG_INFO = INCLUDE_SOURCE;
				MTL_FAST_MATH = YES;
				ONLY_ACTIVE_ARCH = YES;
				SDKROOT = iphoneos;
				SWIFT_ACTIVE_COMPILATION_CONDITIONS = DEBUG;
				SWIFT_OPTIMIZATION_LEVEL = "-Onone";
			};
			name = Debug;
		};
		34BCDA3A2A0458300078D75D /* Release */ = {
			isa = XCBuildConfiguration;
			buildSettings = {
				ALWAYS_SEARCH_USER_PATHS = NO;
				CLANG_ANALYZER_NONNULL = YES;
				CLANG_ANALYZER_NUMBER_OBJECT_CONVERSION = YES_AGGRESSIVE;
				CLANG_CXX_LANGUAGE_STANDARD = "gnu++20";
				CLANG_ENABLE_MODULES = YES;
				CLANG_ENABLE_OBJC_ARC = YES;
				CLANG_ENABLE_OBJC_WEAK = YES;
				CLANG_WARN_BLOCK_CAPTURE_AUTORELEASING = YES;
				CLANG_WARN_BOOL_CONVERSION = YES;
				CLANG_WARN_COMMA = YES;
				CLANG_WARN_CONSTANT_CONVERSION = YES;
				CLANG_WARN_DEPRECATED_OBJC_IMPLEMENTATIONS = YES;
				CLANG_WARN_DIRECT_OBJC_ISA_USAGE = YES_ERROR;
				CLANG_WARN_DOCUMENTATION_COMMENTS = YES;
				CLANG_WARN_EMPTY_BODY = YES;
				CLANG_WARN_ENUM_CONVERSION = YES;
				CLANG_WARN_INFINITE_RECURSION = YES;
				CLANG_WARN_INT_CONVERSION = YES;
				CLANG_WARN_NON_LITERAL_NULL_CONVERSION = YES;
				CLANG_WARN_OBJC_IMPLICIT_RETAIN_SELF = YES;
				CLANG_WARN_OBJC_LITERAL_CONVERSION = YES;
				CLANG_WARN_OBJC_ROOT_CLASS = YES_ERROR;
				CLANG_WARN_QUOTED_INCLUDE_IN_FRAMEWORK_HEADER = YES;
				CLANG_WARN_RANGE_LOOP_ANALYSIS = YES;
				CLANG_WARN_STRICT_PROTOTYPES = YES;
				CLANG_WARN_SUSPICIOUS_MOVE = YES;
				CLANG_WARN_UNGUARDED_AVAILABILITY = YES_AGGRESSIVE;
				CLANG_WARN_UNREACHABLE_CODE = YES;
				CLANG_WARN__DUPLICATE_METHOD_MATCH = YES;
				COPY_PHASE_STRIP = NO;
				DEBUG_INFORMATION_FORMAT = "dwarf-with-dsym";
				ENABLE_NS_ASSERTIONS = NO;
				ENABLE_STRICT_OBJC_MSGSEND = YES;
				GCC_C_LANGUAGE_STANDARD = gnu11;
				GCC_NO_COMMON_BLOCKS = YES;
				GCC_WARN_64_TO_32_BIT_CONVERSION = YES;
				GCC_WARN_ABOUT_RETURN_TYPE = YES_ERROR;
				GCC_WARN_UNDECLARED_SELECTOR = YES;
				GCC_WARN_UNINITIALIZED_AUTOS = YES_AGGRESSIVE;
				GCC_WARN_UNUSED_FUNCTION = YES;
				GCC_WARN_UNUSED_VARIABLE = YES;
				IPHONEOS_DEPLOYMENT_TARGET = 16.2;
				MTL_ENABLE_DEBUG_INFO = NO;
				MTL_FAST_MATH = YES;
				SDKROOT = iphoneos;
				SWIFT_COMPILATION_MODE = wholemodule;
				SWIFT_OPTIMIZATION_LEVEL = "-O";
				VALIDATE_PRODUCT = YES;
			};
			name = Release;
		};
		34BCDA3C2A0458300078D75D /* Debug */ = {
			isa = XCBuildConfiguration;
			buildSettings = {
				ASSETCATALOG_COMPILER_APPICON_NAME = AppIcon;
				ASSETCATALOG_COMPILER_GLOBAL_ACCENT_COLOR_NAME = AccentColor;
				CODE_SIGN_STYLE = Automatic;
				CURRENT_PROJECT_VERSION = 1;
				DEVELOPMENT_ASSET_PATHS = "\"vetsourceApp/Preview Content\"";
				DEVELOPMENT_TEAM = ZC9N793UB2;
				ENABLE_PREVIEWS = YES;
				GENERATE_INFOPLIST_FILE = YES;
				INFOPLIST_KEY_UIApplicationSceneManifest_Generation = YES;
				INFOPLIST_KEY_UIApplicationSupportsIndirectInputEvents = YES;
				INFOPLIST_KEY_UILaunchScreen_Generation = YES;
				INFOPLIST_KEY_UISupportedInterfaceOrientations_iPad = "UIInterfaceOrientationPortrait UIInterfaceOrientationPortraitUpsideDown UIInterfaceOrientationLandscapeLeft UIInterfaceOrientationLandscapeRight";
				INFOPLIST_KEY_UISupportedInterfaceOrientations_iPhone = "UIInterfaceOrientationPortrait UIInterfaceOrientationLandscapeLeft UIInterfaceOrientationLandscapeRight";
				LD_RUNPATH_SEARCH_PATHS = (
					"$(inherited)",
					"@executable_path/Frameworks",
				);
				MARKETING_VERSION = 1.0;
				PRODUCT_BUNDLE_IDENTIFIER = com.kevin.habitsIOS.vetsourceApp;
				PRODUCT_NAME = "$(TARGET_NAME)";
				SUPPORTED_PLATFORMS = "iphoneos iphonesimulator";
				SUPPORTS_MACCATALYST = NO;
				SUPPORTS_MAC_DESIGNED_FOR_IPHONE_IPAD = NO;
				SWIFT_EMIT_LOC_STRINGS = YES;
				SWIFT_VERSION = 5.0;
				TARGETED_DEVICE_FAMILY = 1;
			};
			name = Debug;
		};
		34BCDA3D2A0458300078D75D /* Release */ = {
			isa = XCBuildConfiguration;
			buildSettings = {
				ASSETCATALOG_COMPILER_APPICON_NAME = AppIcon;
				ASSETCATALOG_COMPILER_GLOBAL_ACCENT_COLOR_NAME = AccentColor;
				CODE_SIGN_STYLE = Automatic;
				CURRENT_PROJECT_VERSION = 1;
				DEVELOPMENT_ASSET_PATHS = "\"vetsourceApp/Preview Content\"";
				DEVELOPMENT_TEAM = ZC9N793UB2;
				ENABLE_PREVIEWS = YES;
				GENERATE_INFOPLIST_FILE = YES;
				INFOPLIST_KEY_UIApplicationSceneManifest_Generation = YES;
				INFOPLIST_KEY_UIApplicationSupportsIndirectInputEvents = YES;
				INFOPLIST_KEY_UILaunchScreen_Generation = YES;
				INFOPLIST_KEY_UISupportedInterfaceOrientations_iPad = "UIInterfaceOrientationPortrait UIInterfaceOrientationPortraitUpsideDown UIInterfaceOrientationLandscapeLeft UIInterfaceOrientationLandscapeRight";
				INFOPLIST_KEY_UISupportedInterfaceOrientations_iPhone = "UIInterfaceOrientationPortrait UIInterfaceOrientationLandscapeLeft UIInterfaceOrientationLandscapeRight";
				LD_RUNPATH_SEARCH_PATHS = (
					"$(inherited)",
					"@executable_path/Frameworks",
				);
				MARKETING_VERSION = 1.0;
				PRODUCT_BUNDLE_IDENTIFIER = com.kevin.habitsIOS.vetsourceApp;
				PRODUCT_NAME = "$(TARGET_NAME)";
				SUPPORTED_PLATFORMS = "iphoneos iphonesimulator";
				SUPPORTS_MACCATALYST = NO;
				SUPPORTS_MAC_DESIGNED_FOR_IPHONE_IPAD = NO;
				SWIFT_EMIT_LOC_STRINGS = YES;
				SWIFT_VERSION = 5.0;
				TARGETED_DEVICE_FAMILY = 1;
			};
			name = Release;
		};
/* End XCBuildConfiguration section */

/* Begin XCConfigurationList section */
		34BCDA282A04582F0078D75D /* Build configuration list for PBXProject "vetsourceApp" */ = {
			isa = XCConfigurationList;
			buildConfigurations = (
				34BCDA392A0458300078D75D /* Debug */,
				34BCDA3A2A0458300078D75D /* Release */,
			);
			defaultConfigurationIsVisible = 0;
			defaultConfigurationName = Release;
		};
		34BCDA3B2A0458300078D75D /* Build configuration list for PBXNativeTarget "vetsourceApp" */ = {
			isa = XCConfigurationList;
			buildConfigurations = (
				34BCDA3C2A0458300078D75D /* Debug */,
				34BCDA3D2A0458300078D75D /* Release */,
			);
			defaultConfigurationIsVisible = 0;
			defaultConfigurationName = Release;
		};
/* End XCConfigurationList section */

/* Begin XCRemoteSwiftPackageReference section */
		34FE7BC92A0ECC7E00E4DC72 /* XCRemoteSwiftPackageReference "AlertToast" */ = {
			isa = XCRemoteSwiftPackageReference;
			repositoryURL = "https://github.com/elai950/AlertToast.git";
			requirement = {
				kind = upToNextMajorVersion;
				minimumVersion = 1.0.0;
			};
		};
/* End XCRemoteSwiftPackageReference section */

/* Begin XCSwiftPackageProductDependency section */
		34FE7BCA2A0ECC7E00E4DC72 /* AlertToast */ = {
			isa = XCSwiftPackageProductDependency;
			package = 34FE7BC92A0ECC7E00E4DC72 /* XCRemoteSwiftPackageReference "AlertToast" */;
			productName = AlertToast;
		};
/* End XCSwiftPackageProductDependency section */
	};
	rootObject = 34BCDA252A04582F0078D75D /* Project object */;
}
